
Microsoft Visual Studio Solution File, Format Version 12.00
# Visual Studio Version 17
VisualStudioVersion = 17.14.36915.13 d17.14
MinimumVisualStudioVersion = 10.0.40219.1
Project("{FAE04EC0-301F-11D3-BF4B-00C04F79EFBC}") = "CollegeSchedule", "CollegeSchedule\CollegeSchedule.csproj", "{8B81181E-DDB5-48F9-AF28-A73DC26BECEB}"
EndProject
Global
	GlobalSection(SolutionConfigurationPlatforms) = preSolution
		Debug|Any CPU = Debug|Any CPU
		Release|Any CPU = Release|Any CPU
	EndGlobalSection
	GlobalSection(ProjectConfigurationPlatforms) = postSolution
		{8B81181E-DDB5-48F9-AF28-A73DC26BECEB}.Debug|Any CPU.ActiveCfg = Debug|Any CPU
		{8B81181E-DDB5-48F9-AF28-A73DC26BECEB}.Debug|Any CPU.Build.0 = Debug|Any CPU
		{8B81181E-DDB5-48F9-AF28-A73DC26BECEB}.Release|Any CPU.ActiveCfg = Release|Any CPU
		{8B81181E-DDB5-48F9-AF28-A73DC26BECEB}.Release|Any CPU.Build.0 = Release|Any CPU
	EndGlobalSection
	GlobalSection(SolutionProperties) = preSolution
		HideSolutionNode = FALSE
	EndGlobalSection
	GlobalSection(ExtensibilityGlobals) = postSolution
		SolutionGuid = {B29A534C-0C93-46CB-9247-5EEBF6E307D6}
	EndGlobalSection
EndGlobal
